
Microsoft Visual Studio Solution File, Format Version 12.00
# Visual Studio Version 17
VisualStudioVersion = 17.1.32407.343
MinimumVisualStudioVersion = 10.0.40219.1
Project("{FAE04EC0-301F-11D3-BF4B-00C04F79EFBC}") = "CodeStorm.ConsoleApp", "CodeStorm.ConsoleApp\CodeStorm.ConsoleApp.csproj", "{C7055ADA-38DE-4C12-8627-1F3154DE5CD6}"
EndProject
Project("{FAE04EC0-301F-11D3-BF4B-00C04F79EFBC}") = "CodeStorm.Domain", "CodeStorm.Domain\CodeStorm.Domain.csproj", "{64F300E7-4F25-4127-B55B-2BC334C6E3F2}"
EndProject
Project("{FAE04EC0-301F-11D3-BF4B-00C04F79EFBC}") = "CodeStorm.Core", "CodeStorm.Core\CodeStorm.Core.csproj", "{885896BB-1DD3-4B64-BFFA-AB893838B609}"
EndProject
Global
	GlobalSection(SolutionConfigurationPlatforms) = preSolution
		Debug|Any CPU = Debug|Any CPU
		Release|Any CPU = Release|Any CPU
	EndGlobalSection
	GlobalSection(ProjectConfigurationPlatforms) = postSolution
		{C7055ADA-38DE-4C12-8627-1F3154DE5CD6}.Debug|Any CPU.ActiveCfg = Debug|Any CPU
		{C7055ADA-38DE-4C12-8627-1F3154DE5CD6}.Debug|Any CPU.Build.0 = Debug|Any CPU
		{C7055ADA-38DE-4C12-8627-1F3154DE5CD6}.Release|Any CPU.ActiveCfg = Release|Any CPU
		{C7055ADA-38DE-4C12-8627-1F3154DE5CD6}.Release|Any CPU.Build.0 = Release|Any CPU
		{64F300E7-4F25-4127-B55B-2BC334C6E3F2}.Debug|Any CPU.ActiveCfg = Debug|Any CPU
		{64F300E7-4F25-4127-B55B-2BC334C6E3F2}.Debug|Any CPU.Build.0 = Debug|Any CPU
		{64F300E7-4F25-4127-B55B-2BC334C6E3F2}.Release|Any CPU.ActiveCfg = Release|Any CPU
		{64F300E7-4F25-4127-B55B-2BC334C6E3F2}.Release|Any CPU.Build.0 = Release|Any CPU
		{885896BB-1DD3-4B64-BFFA-AB893838B609}.Debug|Any CPU.ActiveCfg = Debug|Any CPU
		{885896BB-1DD3-4B64-BFFA-AB893838B609}.Debug|Any CPU.Build.0 = Debug|Any CPU
		{885896BB-1DD3-4B64-BFFA-AB893838B609}.Release|Any CPU.ActiveCfg = Release|Any CPU
		{885896BB-1DD3-4B64-BFFA-AB893838B609}.Release|Any CPU.Build.0 = Release|Any CPU
	EndGlobalSection
	GlobalSection(SolutionProperties) = preSolution
		HideSolutionNode = FALSE
	EndGlobalSection
	GlobalSection(ExtensibilityGlobals) = postSolution
		SolutionGuid = {E3BF3E49-89B6-491D-90BF-6EBD5C0890BB}
	EndGlobalSection
EndGlobal
